// !$*UTF8*$!
{
	archiveVersion = 1;
	classes = {
	};
	objectVersion = 77;
	objects = {

/* Begin PBXBuildFile section */
		0F60495BB6A9EEB50E59AB87 /* AppDelegate.swift in Sources */ = {isa = PBXBuildFile; fileRef = 255CD4E906BB76AB26BDD108 /* AppDelegate.swift */; };
		2C45B4E12C3A100100000001 /* CaptureSessionCoordinator.swift in Sources */ = {isa = PBXBuildFile; fileRef = 2C45B4E12C3A200100000001 /* CaptureSessionCoordinator.swift */; };
		2C45B4E12C3A100100000002 /* PermissionCoordinator.swift in Sources */ = {isa = PBXBuildFile; fileRef = 2C45B4E12C3A200100000002 /* PermissionCoordinator.swift */; };
		2C45B4E12C3A100100000003 /* PermissionWindowController.swift in Sources */ = {isa = PBXBuildFile; fileRef = 2C45B4E12C3A200100000003 /* PermissionWindowController.swift */; };
		2C45B4E12C3A100100000004 /* CaptureOverlayWindowController.swift in Sources */ = {isa = PBXBuildFile; fileRef = 2C45B4E12C3A200100000004 /* CaptureOverlayWindowController.swift */; };
		2C45B4E12C3A100100000005 /* ScreenCaptureManager.swift in Sources */ = {isa = PBXBuildFile; fileRef = 2C45B4E12C3A200100000005 /* ScreenCaptureManager.swift */; };
		2C45B4E12C3A100100000006 /* SelectionOverlayView.swift in Sources */ = {isa = PBXBuildFile; fileRef = 2C45B4E12C3A200100000006 /* SelectionOverlayView.swift */; };
		2C45B4E12C3A100100000007 /* ScrollControlPanelController.swift in Sources */ = {isa = PBXBuildFile; fileRef = 2C45B4E12C3A200100000007 /* ScrollControlPanelController.swift */; };
		2C45B4E12C3A100100000008 /* ScrollCaptureController.swift in Sources */ = {isa = PBXBuildFile; fileRef = 2C45B4E12C3A200100000008 /* ScrollCaptureController.swift */; };
		2C45B4E12C3A100100000009 /* StitchingEngine.swift in Sources */ = {isa = PBXBuildFile; fileRef = 2C45B4E12C3A200100000009 /* StitchingEngine.swift */; };
		2C45B4E12C3A10010000000A /* StitchingEngineTests.swift in Sources */ = {isa = PBXBuildFile; fileRef = 2C45B4E12C3A20010000000A /* StitchingEngineTests.swift */; };
		2C45B4E12C3A10010000000B /* ResultWindowController.swift in Sources */ = {isa = PBXBuildFile; fileRef = 2C45B4E12C3A20010000000B /* ResultWindowController.swift */; };
		2C45B4E12C3A10010000000C /* CaptureSessionCoordinatorTests.swift in Sources */ = {isa = PBXBuildFile; fileRef = 2C45B4E12C3A20010000000C /* CaptureSessionCoordinatorTests.swift */; };
		2C45B4E12C3A10010000000D /* DragThumbnailWindowController.swift in Sources */ = {isa = PBXBuildFile; fileRef = 2C45B4E12C3A20010000000D /* DragThumbnailWindowController.swift */; };
		A1B2C3D4E5F60001 /* Assets.xcassets in Resources */ = {isa = PBXBuildFile; fileRef = A1B2C3D4E5F60002 /* Assets.xcassets */; };
		B10814BFF6EE5AB7075F37FE /* DropShotTests.swift in Sources */ = {isa = PBXBuildFile; fileRef = DB8BC0D84EAC7D6D13C908E5 /* DropShotTests.swift */; };
		F885A998A42122E6FF1CAD1C /* main.swift in Sources */ = {isa = PBXBuildFile; fileRef = 6A719B51C8C9B0C392F71075 /* main.swift */; };
/* End PBXBuildFile section */

/* Begin PBXContainerItemProxy section */
		10AD667F0C315DDCA8290286 /* PBXContainerItemProxy */ = {
			isa = PBXContainerItemProxy;
			containerPortal = CBF4D8DED48F92D971019D9A /* Project object */;
			proxyType = 1;
			remoteGlobalIDString = 811C1D241AF51EEF89168C96;
			remoteInfo = DropShot;
		};
/* End PBXContainerItemProxy section */

/* Begin PBXFileReference section */
		255CD4E906BB76AB26BDD108 /* AppDelegate.swift */ = {isa = PBXFileReference; lastKnownFileType = sourcecode.swift; path = AppDelegate.swift; sourceTree = "<group>"; };
		A1B2C3D4E5F60002 /* Assets.xcassets */ = {isa = PBXFileReference; lastKnownFileType = folder.assetcatalog; path = Assets.xcassets; sourceTree = "<group>"; };
		2C45B4E12C3A200100000001 /* CaptureSessionCoordinator.swift */ = {isa = PBXFileReference; lastKnownFileType = sourcecode.swift; path = CaptureSessionCoordinator.swift; sourceTree = "<group>"; };
		2C45B4E12C3A200100000002 /* PermissionCoordinator.swift */ = {isa = PBXFileReference; lastKnownFileType = sourcecode.swift; path = PermissionCoordinator.swift; sourceTree = "<group>"; };
		2C45B4E12C3A200100000003 /* PermissionWindowController.swift */ = {isa = PBXFileReference; lastKnownFileType = sourcecode.swift; path = PermissionWindowController.swift; sourceTree = "<group>"; };
		2C45B4E12C3A200100000004 /* CaptureOverlayWindowController.swift */ = {isa = PBXFileReference; lastKnownFileType = sourcecode.swift; path = CaptureOverlayWindowController.swift; sourceTree = "<group>"; };
		2C45B4E12C3A200100000005 /* ScreenCaptureManager.swift */ = {isa = PBXFileReference; lastKnownFileType = sourcecode.swift; path = ScreenCaptureManager.swift; sourceTree = "<group>"; };
		2C45B4E12C3A200100000006 /* SelectionOverlayView.swift */ = {isa = PBXFileReference; lastKnownFileType = sourcecode.swift; path = SelectionOverlayView.swift; sourceTree = "<group>"; };
		2C45B4E12C3A200100000007 /* ScrollControlPanelController.swift */ = {isa = PBXFileReference; lastKnownFileType = sourcecode.swift; path = ScrollControlPanelController.swift; sourceTree = "<group>"; };
		2C45B4E12C3A200100000008 /* ScrollCaptureController.swift */ = {isa = PBXFileReference; lastKnownFileType = sourcecode.swift; path = ScrollCaptureController.swift; sourceTree = "<group>"; };
		2C45B4E12C3A200100000009 /* StitchingEngine.swift */ = {isa = PBXFileReference; lastKnownFileType = sourcecode.swift; path = StitchingEngine.swift; sourceTree = "<group>"; };
		2C45B4E12C3A20010000000A /* StitchingEngineTests.swift */ = {isa = PBXFileReference; lastKnownFileType = sourcecode.swift; path = StitchingEngineTests.swift; sourceTree = "<group>"; };
		2C45B4E12C3A20010000000B /* ResultWindowController.swift */ = {isa = PBXFileReference; lastKnownFileType = sourcecode.swift; path = ResultWindowController.swift; sourceTree = "<group>"; };
		2C45B4E12C3A20010000000C /* CaptureSessionCoordinatorTests.swift */ = {isa = PBXFileReference; lastKnownFileType = sourcecode.swift; path = CaptureSessionCoordinatorTests.swift; sourceTree = "<group>"; };
		2C45B4E12C3A20010000000D /* DragThumbnailWindowController.swift */ = {isa = PBXFileReference; lastKnownFileType = sourcecode.swift; path = DragThumbnailWindowController.swift; sourceTree = "<group>"; };
		4072B5074EC11791ADDFCA29 /* DropShotTests.xctest */ = {isa = PBXFileReference; explicitFileType = wrapper.cfbundle; includeInIndex = 0; path = DropShotTests.xctest; sourceTree = BUILT_PRODUCTS_DIR; };
		6A719B51C8C9B0C392F71075 /* main.swift */ = {isa = PBXFileReference; lastKnownFileType = sourcecode.swift; path = main.swift; sourceTree = "<group>"; };
		92F4410A5FFB48DBE401B3A6 /* DropShot.app */ = {isa = PBXFileReference; explicitFileType = wrapper.application; includeInIndex = 0; path = DropShot.app; sourceTree = BUILT_PRODUCTS_DIR; };
		DB8BC0D84EAC7D6D13C908E5 /* DropShotTests.swift */ = {isa = PBXFileReference; lastKnownFileType = sourcecode.swift; path = DropShotTests.swift; sourceTree = "<group>"; };
/* End PBXFileReference section */

/* Begin PBXGroup section */
		05A7B5E49D1C0DF3DC2F57A8 = {
			isa = PBXGroup;
			children = (
				0A5E2D7EE65635FB4C74D001 /* DropShot */,
				FA476ABF316138A781ED5ACF /* DropShotTests */,
				835E62815080B6E7242FC5C9 /* Products */,
			);
			sourceTree = "<group>";
		};
		0A5E2D7EE65635FB4C74D001 /* DropShot */ = {
			isa = PBXGroup;
			children = (
				A1B2C3D4E5F60002 /* Assets.xcassets */,
				255CD4E906BB76AB26BDD108 /* AppDelegate.swift */,
				2C45B4E12C3A200100000001 /* CaptureSessionCoordinator.swift */,
				2C45B4E12C3A200100000004 /* CaptureOverlayWindowController.swift */,
				2C45B4E12C3A20010000000D /* DragThumbnailWindowController.swift */,
				2C45B4E12C3A200100000002 /* PermissionCoordinator.swift */,
				2C45B4E12C3A200100000003 /* PermissionWindowController.swift */,
				2C45B4E12C3A20010000000B /* ResultWindowController.swift */,
				2C45B4E12C3A200100000005 /* ScreenCaptureManager.swift */,
				2C45B4E12C3A200100000008 /* ScrollCaptureController.swift */,
				2C45B4E12C3A200100000007 /* ScrollControlPanelController.swift */,
				2C45B4E12C3A200100000006 /* SelectionOverlayView.swift */,
				2C45B4E12C3A200100000009 /* StitchingEngine.swift */,
				6A719B51C8C9B0C392F71075 /* main.swift */,
			);
			path = DropShot;
			sourceTree = "<group>";
		};
		835E62815080B6E7242FC5C9 /* Products */ = {
			isa = PBXGroup;
			children = (
				92F4410A5FFB48DBE401B3A6 /* DropShot.app */,
				4072B5074EC11791ADDFCA29 /* DropShotTests.xctest */,
			);
			name = Products;
			sourceTree = "<group>";
		};
		FA476ABF316138A781ED5ACF /* DropShotTests */ = {
			isa = PBXGroup;
			children = (
				2C45B4E12C3A20010000000C /* CaptureSessionCoordinatorTests.swift */,
				DB8BC0D84EAC7D6D13C908E5 /* DropShotTests.swift */,
				2C45B4E12C3A20010000000A /* StitchingEngineTests.swift */,
			);
			path = DropShotTests;
			sourceTree = "<group>";
		};
/* End PBXGroup section */

/* Begin PBXNativeTarget section */
		811C1D241AF51EEF89168C96 /* DropShot */ = {
			isa = PBXNativeTarget;
			buildConfigurationList = 02789A50E922A7F498FDB2F7 /* Build configuration list for PBXNativeTarget "DropShot" */;
			buildPhases = (
				9A4C05324C7B0CF42CD34F9E /* Sources */,
				A1B2C3D4E5F60003 /* Resources */,
			);
			buildRules = (
			);
			dependencies = (
			);
			name = DropShot;
			packageProductDependencies = (
			);
			productName = DropShot;
			productReference = 92F4410A5FFB48DBE401B3A6 /* DropShot.app */;
			productType = "com.apple.product-type.application";
		};
		F4B35BF889130EF0EFCA1128 /* DropShotTests */ = {
			isa = PBXNativeTarget;
			buildConfigurationList = 490A3EAC66232ED3315453A4 /* Build configuration list for PBXNativeTarget "DropShotTests" */;
			buildPhases = (
				43B1BF8FBE11BBDC9C10D7E6 /* Sources */,
			);
			buildRules = (
			);
			dependencies = (
				F1103A430ECA817762158B5F /* PBXTargetDependency */,
			);
			name = DropShotTests;
			packageProductDependencies = (
			);
			productName = DropShotTests;
			productReference = 4072B5074EC11791ADDFCA29 /* DropShotTests.xctest */;
			productType = "com.apple.product-type.bundle.unit-test";
		};
/* End PBXNativeTarget section */

/* Begin PBXProject section */
		CBF4D8DED48F92D971019D9A /* Project object */ = {
			isa = PBXProject;
			attributes = {
				BuildIndependentTargetsInParallel = YES;
				LastUpgradeCheck = 2630;
			};
			buildConfigurationList = B2ED890C8ED84FB7CE5DAD2C /* Build configuration list for PBXProject "DropShot" */;
			developmentRegion = en;
			hasScannedForEncodings = 0;
			knownRegions = (
				Base,
				en,
			);
			mainGroup = 05A7B5E49D1C0DF3DC2F57A8;
			minimizedProjectReferenceProxies = 1;
			preferredProjectObjectVersion = 77;
			productRefGroup = 835E62815080B6E7242FC5C9 /* Products */;
			projectDirPath = "";
			projectRoot = "";
			targets = (
				811C1D241AF51EEF89168C96 /* DropShot */,
				F4B35BF889130EF0EFCA1128 /* DropShotTests */,
			);
		};
/* End PBXProject section */

/* Begin PBXResourcesBuildPhase section */
		A1B2C3D4E5F60003 /* Resources */ = {
			isa = PBXResourcesBuildPhase;
			buildActionMask = 2147483647;
			files = (
				A1B2C3D4E5F60001 /* Assets.xcassets in Resources */,
			);
			runOnlyForDeploymentPostprocessing = 0;
		};
/* End PBXResourcesBuildPhase section */

/* Begin PBXSourcesBuildPhase section */
		43B1BF8FBE11BBDC9C10D7E6 /* Sources */ = {
			isa = PBXSourcesBuildPhase;
			buildActionMask = 2147483647;
			files = (
				2C45B4E12C3A10010000000C /* CaptureSessionCoordinatorTests.swift in Sources */,
				B10814BFF6EE5AB7075F37FE /* DropShotTests.swift in Sources */,
				2C45B4E12C3A10010000000A /* StitchingEngineTests.swift in Sources */,
			);
			runOnlyForDeploymentPostprocessing = 0;
		};
		9A4C05324C7B0CF42CD34F9E /* Sources */ = {
			isa = PBXSourcesBuildPhase;
			buildActionMask = 2147483647;
			files = (
				0F60495BB6A9EEB50E59AB87 /* AppDelegate.swift in Sources */,
				2C45B4E12C3A100100000001 /* CaptureSessionCoordinator.swift in Sources */,
				2C45B4E12C3A100100000004 /* CaptureOverlayWindowController.swift in Sources */,
				2C45B4E12C3A10010000000D /* DragThumbnailWindowController.swift in Sources */,
				2C45B4E12C3A100100000002 /* PermissionCoordinator.swift in Sources */,
				2C45B4E12C3A100100000003 /* PermissionWindowController.swift in Sources */,
				2C45B4E12C3A10010000000B /* ResultWindowController.swift in Sources */,
				2C45B4E12C3A100100000005 /* ScreenCaptureManager.swift in Sources */,
				2C45B4E12C3A100100000008 /* ScrollCaptureController.swift in Sources */,
				2C45B4E12C3A100100000007 /* ScrollControlPanelController.swift in Sources */,
				2C45B4E12C3A100100000006 /* SelectionOverlayView.swift in Sources */,
				2C45B4E12C3A100100000009 /* StitchingEngine.swift in Sources */,
				F885A998A42122E6FF1CAD1C /* main.swift in Sources */,
			);
			runOnlyForDeploymentPostprocessing = 0;
		};
/* End PBXSourcesBuildPhase section */

/* Begin PBXTargetDependency section */
		F1103A430ECA817762158B5F /* PBXTargetDependency */ = {
			isa = PBXTargetDependency;
			target = 811C1D241AF51EEF89168C96 /* DropShot */;
			targetProxy = 10AD667F0C315DDCA8290286 /* PBXContainerItemProxy */;
		};
/* End PBXTargetDependency section */

/* Begin XCBuildConfiguration section */
		268F257DE23EAE1FF2BE4DB7 /* Debug */ = {
			isa = XCBuildConfiguration;
			buildSettings = {
				BUNDLE_LOADER = "$(TEST_HOST)";
				COMBINE_HIDPI_IMAGES = YES;
				DEAD_CODE_STRIPPING = YES;
				GENERATE_INFOPLIST_FILE = YES;
				LD_RUNPATH_SEARCH_PATHS = (
					"$(inherited)",
					"@executable_path/../Frameworks",
					"@loader_path/../Frameworks",
				);
				MACOSX_DEPLOYMENT_TARGET = 14.0;
				SDKROOT = macosx;
				TEST_HOST = "$(BUILT_PRODUCTS_DIR)/DropShot.app/Contents/MacOS/DropShot";
			};
			name = Debug;
		};
		4A007D6C3B2A57AA199DA647 /* Release */ = {
			isa = XCBuildConfiguration;
			buildSettings = {
				ASSETCATALOG_COMPILER_APPICON_NAME = AppIcon;
				CODE_SIGN_ENTITLEMENTS = DropShot/DropShot.entitlements;
				CODE_SIGN_STYLE = Automatic;
				COMBINE_HIDPI_IMAGES = YES;
				CURRENT_PROJECT_VERSION = 1;
				DEAD_CODE_STRIPPING = YES;
				DEVELOPMENT_TEAM = DKUBJGA7PA;
				ENABLE_HARDENED_RUNTIME = YES;
				GENERATE_INFOPLIST_FILE = NO;
				INFOPLIST_FILE = DropShot/Info.plist;
				INFOPLIST_KEY_LSApplicationCategoryType = "public.app-category.utilities";
				LD_RUNPATH_SEARCH_PATHS = (
					"$(inherited)",
					"@executable_path/../Frameworks",
				);
				MACOSX_DEPLOYMENT_TARGET = 14.0;
				MARKETING_VERSION = 1.0;
				PRODUCT_BUNDLE_IDENTIFIER = com.dropshot.app;
				SDKROOT = macosx;
			};
			name = Release;
		};
		5357395CB7CD59EAF1EF5DB5 /* Release */ = {
			isa = XCBuildConfiguration;
			buildSettings = {
				ALWAYS_SEARCH_USER_PATHS = NO;
				CLANG_ANALYZER_NONNULL = YES;
				CLANG_ANALYZER_NUMBER_OBJECT_CONVERSION = YES_AGGRESSIVE;
				CLANG_CXX_LANGUAGE_STANDARD = "gnu++14";
				CLANG_CXX_LIBRARY = "libc++";
				CLANG_ENABLE_MODULES = YES;
				CLANG_ENABLE_OBJC_ARC = YES;
				CLANG_ENABLE_OBJC_WEAK = YES;
				CLANG_WARN_BLOCK_CAPTURE_AUTORELEASING = YES;
				CLANG_WARN_BOOL_CONVERSION = YES;
				CLANG_WARN_COMMA = YES;
				CLANG_WARN_CONSTANT_CONVERSION = YES;
				CLANG_WARN_DEPRECATED_OBJC_IMPLEMENTATIONS = YES;
				CLANG_WARN_DIRECT_OBJC_ISA_USAGE = YES_ERROR;
				CLANG_WARN_DOCUMENTATION_COMMENTS = YES;
				CLANG_WARN_EMPTY_BODY = YES;
				CLANG_WARN_ENUM_CONVERSION = YES;
				CLANG_WARN_INFINITE_RECURSION = YES;
				CLANG_WARN_INT_CONVERSION = YES;
				CLANG_WARN_NON_LITERAL_NULL_CONVERSION = YES;
				CLANG_WARN_OBJC_IMPLICIT_RETAIN_SELF = YES;
				CLANG_WARN_OBJC_LITERAL_CONVERSION = YES;
				CLANG_WARN_OBJC_ROOT_CLASS = YES_ERROR;
				CLANG_WARN_QUOTED_INCLUDE_IN_FRAMEWORK_HEADER = YES;
				CLANG_WARN_RANGE_LOOP_ANALYSIS = YES;
				CLANG_WARN_STRICT_PROTOTYPES = YES;
				CLANG_WARN_SUSPICIOUS_MOVE = YES;
				CLANG_WARN_UNGUARDED_AVAILABILITY = YES_AGGRESSIVE;
				CLANG_WARN_UNREACHABLE_CODE = YES;
				CLANG_WARN__DUPLICATE_METHOD_MATCH = YES;
				COPY_PHASE_STRIP = NO;
				DEAD_CODE_STRIPPING = YES;
				DEBUG_INFORMATION_FORMAT = "dwarf-with-dsym";
				ENABLE_NS_ASSERTIONS = NO;
				ENABLE_STRICT_OBJC_MSGSEND = YES;
				ENABLE_USER_SCRIPT_SANDBOXING = YES;
				GCC_C_LANGUAGE_STANDARD = gnu11;
				GCC_NO_COMMON_BLOCKS = YES;
				GCC_WARN_64_TO_32_BIT_CONVERSION = YES;
				GCC_WARN_ABOUT_RETURN_TYPE = YES_ERROR;
				GCC_WARN_UNDECLARED_SELECTOR = YES;
				GCC_WARN_UNINITIALIZED_AUTOS = YES_AGGRESSIVE;
				GCC_WARN_UNUSED_FUNCTION = YES;
				GCC_WARN_UNUSED_VARIABLE = YES;
				MTL_ENABLE_DEBUG_INFO = NO;
				MTL_FAST_MATH = YES;
				PRODUCT_NAME = "$(TARGET_NAME)";
				SDKROOT = macosx;
				STRING_CATALOG_GENERATE_SYMBOLS = YES;
				SWIFT_COMPILATION_MODE = wholemodule;
				SWIFT_OPTIMIZATION_LEVEL = "-O";
				SWIFT_VERSION = 5.1;
				SYMROOT = "$(PROJECT_DIR)/.build";
			};
			name = Release;
		};
		7BEB92A49FF4D44E8E769BDF /* Debug */ = {
			isa = XCBuildConfiguration;
			buildSettings = {
				ALWAYS_SEARCH_USER_PATHS = NO;
				CLANG_ANALYZER_NONNULL = YES;
				CLANG_ANALYZER_NUMBER_OBJECT_CONVERSION = YES_AGGRESSIVE;
				CLANG_CXX_LANGUAGE_STANDARD = "gnu++14";
				CLANG_CXX_LIBRARY = "libc++";
				CLANG_ENABLE_MODULES = YES;
				CLANG_ENABLE_OBJC_ARC = YES;
				CLANG_ENABLE_OBJC_WEAK = YES;
				CLANG_WARN_BLOCK_CAPTURE_AUTORELEASING = YES;
				CLANG_WARN_BOOL_CONVERSION = YES;
				CLANG_WARN_COMMA = YES;
				CLANG_WARN_CONSTANT_CONVERSION = YES;
				CLANG_WARN_DEPRECATED_OBJC_IMPLEMENTATIONS = YES;
				CLANG_WARN_DIRECT_OBJC_ISA_USAGE = YES_ERROR;
				CLANG_WARN_DOCUMENTATION_COMMENTS = YES;
				CLANG_WARN_EMPTY_BODY = YES;
				CLANG_WARN_ENUM_CONVERSION = YES;
				CLANG_WARN_INFINITE_RECURSION = YES;
				CLANG_WARN_INT_CONVERSION = YES;
				CLANG_WARN_NON_LITERAL_NULL_CONVERSION = YES;
				CLANG_WARN_OBJC_IMPLICIT_RETAIN_SELF = YES;
				CLANG_WARN_OBJC_LITERAL_CONVERSION = YES;
				CLANG_WARN_OBJC_ROOT_CLASS = YES_ERROR;
				CLANG_WARN_QUOTED_INCLUDE_IN_FRAMEWORK_HEADER = YES;
				CLANG_WARN_RANGE_LOOP_ANALYSIS = YES;
				CLANG_WARN_STRICT_PROTOTYPES = YES;
				CLANG_WARN_SUSPICIOUS_MOVE = YES;
				CLANG_WARN_UNGUARDED_AVAILABILITY = YES_AGGRESSIVE;
				CLANG_WARN_UNREACHABLE_CODE = YES;
				CLANG_WARN__DUPLICATE_METHOD_MATCH = YES;
				COPY_PHASE_STRIP = NO;
				DEAD_CODE_STRIPPING = YES;
				DEBUG_INFORMATION_FORMAT = dwarf;
				ENABLE_STRICT_OBJC_MSGSEND = YES;
				ENABLE_TESTABILITY = YES;
				ENABLE_USER_SCRIPT_SANDBOXING = YES;
				GCC_C_LANGUAGE_STANDARD = gnu11;
				GCC_DYNAMIC_NO_PIC = NO;
				GCC_NO_COMMON_BLOCKS = YES;
				GCC_OPTIMIZATION_LEVEL = 0;
				GCC_PREPROCESSOR_DEFINITIONS = (
					"$(inherited)",
					"DEBUG=1",
				);
				GCC_WARN_64_TO_32_BIT_CONVERSION = YES;
				GCC_WARN_ABOUT_RETURN_TYPE = YES_ERROR;
				GCC_WARN_UNDECLARED_SELECTOR = YES;
				GCC_WARN_UNINITIALIZED_AUTOS = YES_AGGRESSIVE;
				GCC_WARN_UNUSED_FUNCTION = YES;
				GCC_WARN_UNUSED_VARIABLE = YES;
				MTL_ENABLE_DEBUG_INFO = INCLUDE_SOURCE;
				MTL_FAST_MATH = YES;
				ONLY_ACTIVE_ARCH = YES;
				PRODUCT_NAME = "$(TARGET_NAME)";
				SDKROOT = macosx;
				STRING_CATALOG_GENERATE_SYMBOLS = YES;
				SWIFT_ACTIVE_COMPILATION_CONDITIONS = DEBUG;
				SWIFT_OPTIMIZATION_LEVEL = "-Onone";
				SWIFT_VERSION = 5.1;
				SYMROOT = "$(PROJECT_DIR)/.build";
			};
			name = Debug;
		};
		D4FB2F464B35CF0CC88DB43D /* Debug */ = {
			isa = XCBuildConfiguration;
			buildSettings = {
				ASSETCATALOG_COMPILER_APPICON_NAME = AppIcon;
				CODE_SIGN_ENTITLEMENTS = DropShot/DropShot.entitlements;
				CODE_SIGN_STYLE = Automatic;
				COMBINE_HIDPI_IMAGES = YES;
				CURRENT_PROJECT_VERSION = 1;
				DEAD_CODE_STRIPPING = YES;
				DEVELOPMENT_TEAM = DKUBJGA7PA;
				ENABLE_HARDENED_RUNTIME = YES;
				GENERATE_INFOPLIST_FILE = NO;
				INFOPLIST_FILE = DropShot/Info.plist;
				INFOPLIST_KEY_LSApplicationCategoryType = "public.app-category.utilities";
				LD_RUNPATH_SEARCH_PATHS = (
					"$(inherited)",
					"@executable_path/../Frameworks",
				);
				MACOSX_DEPLOYMENT_TARGET = 14.0;
				MARKETING_VERSION = 1.0;
				PRODUCT_BUNDLE_IDENTIFIER = com.dropshot.app;
				SDKROOT = macosx;
			};
			name = Debug;
		};
		E51526183726B050812D9C38 /* Release */ = {
			isa = XCBuildConfiguration;
			buildSettings = {
				BUNDLE_LOADER = "$(TEST_HOST)";
				COMBINE_HIDPI_IMAGES = YES;
				DEAD_CODE_STRIPPING = YES;
				GENERATE_INFOPLIST_FILE = YES;
				LD_RUNPATH_SEARCH_PATHS = (
					"$(inherited)",
					"@executable_path/../Frameworks",
					"@loader_path/../Frameworks",
				);
				MACOSX_DEPLOYMENT_TARGET = 14.0;
				SDKROOT = macosx;
				TEST_HOST = "$(BUILT_PRODUCTS_DIR)/DropShot.app/Contents/MacOS/DropShot";
			};
			name = Release;
		};
/* End XCBuildConfiguration section */

/* Begin XCConfigurationList section */
		02789A50E922A7F498FDB2F7 /* Build configuration list for PBXNativeTarget "DropShot" */ = {
			isa = XCConfigurationList;
			buildConfigurations = (
				D4FB2F464B35CF0CC88DB43D /* Debug */,
				4A007D6C3B2A57AA199DA647 /* Release */,
			);
			defaultConfigurationIsVisible = 0;
			defaultConfigurationName = Debug;
		};
		490A3EAC66232ED3315453A4 /* Build configuration list for PBXNativeTarget "DropShotTests" */ = {
			isa = XCConfigurationList;
			buildConfigurations = (
				268F257DE23EAE1FF2BE4DB7 /* Debug */,
				E51526183726B050812D9C38 /* Release */,
			);
			defaultConfigurationIsVisible = 0;
			defaultConfigurationName = Debug;
		};
		B2ED890C8ED84FB7CE5DAD2C /* Build configuration list for PBXProject "DropShot" */ = {
			isa = XCConfigurationList;
			buildConfigurations = (
				7BEB92A49FF4D44E8E769BDF /* Debug */,
				5357395CB7CD59EAF1EF5DB5 /* Release */,
			);
			defaultConfigurationIsVisible = 0;
			defaultConfigurationName = Debug;
		};
/* End XCConfigurationList section */
	};
	rootObject = CBF4D8DED48F92D971019D9A /* Project object */;
}
